#MicroXplorer Configuration settings - do not modify
ADC1.Channel-0\#ChannelRegularConversion=ADC_CHANNEL_0
ADC1.Channel-10\#ChannelRegularConversion=ADC_CHANNEL_TEMPSENSOR
ADC1.Channel-11\#ChannelRegularConversion=ADC_CHANNEL_VREFINT
ADC1.Channel-3\#ChannelRegularConversion=ADC_CHANNEL_1
ADC1.Channel-4\#ChannelRegularConversion=ADC_CHANNEL_2
ADC1.Channel-5\#ChannelRegularConversion=ADC_CHANNEL_3
ADC1.Channel-6\#ChannelRegularConversion=ADC_CHANNEL_6
ADC1.Channel-7\#ChannelRegularConversion=ADC_CHANNEL_7
ADC1.Channel-8\#ChannelRegularConversion=ADC_CHANNEL_12
ADC1.Channel-9\#ChannelRegularConversion=ADC_CHANNEL_13
ADC1.ContinuousConvMode=ENABLE
ADC1.IPParameters=Rank-0\#ChannelRegularConversion,Channel-0\#ChannelRegularConversion,SamplingTime-0\#ChannelRegularConversion,NbrOfConversionFlag,master,ContinuousConvMode,NbrOfConversion,Rank-3\#ChannelRegularConversion,Channel-3\#ChannelRegularConversion,SamplingTime-3\#ChannelRegularConversion,Rank-4\#ChannelRegularConversion,Channel-4\#ChannelRegularConversion,SamplingTime-4\#ChannelRegularConversion,Rank-5\#ChannelRegularConversion,Channel-5\#ChannelRegularConversion,SamplingTime-5\#ChannelRegularConversion,Rank-6\#ChannelRegularConversion,Channel-6\#ChannelRegularConversion,SamplingTime-6\#ChannelRegularConversion,Rank-7\#ChannelRegularConversion,Channel-7\#ChannelRegularConversion,SamplingTime-7\#ChannelRegularConversion,Rank-8\#ChannelRegularConversion,Channel-8\#ChannelRegularConversion,SamplingTime-8\#ChannelRegularConversion,Rank-9\#ChannelRegularConversion,Channel-9\#ChannelRegularConversion,SamplingTime-9\#ChannelRegularConversion,Rank-10\#ChannelRegularConversion,Channel-10\#ChannelRegularConversion,SamplingTime-10\#ChannelRegularConversion,Rank-11\#ChannelRegularConversion,Channel-11\#ChannelRegularConversion,SamplingTime-11\#ChannelRegularConversion
ADC1.NbrOfConversion=10
ADC1.NbrOfConversionFlag=1
ADC1.Rank-0\#ChannelRegularConversion=1
ADC1.Rank-10\#ChannelRegularConversion=9
ADC1.Rank-11\#ChannelRegularConversion=10
ADC1.Rank-3\#ChannelRegularConversion=2
ADC1.Rank-4\#ChannelRegularConversion=3
ADC1.Rank-5\#ChannelRegularConversion=4
ADC1.Rank-6\#ChannelRegularConversion=5
ADC1.Rank-7\#ChannelRegularConversion=6
ADC1.Rank-8\#ChannelRegularConversion=7
ADC1.Rank-9\#ChannelRegularConversion=8
ADC1.SamplingTime-0\#ChannelRegularConversion=ADC_SAMPLETIME_239CYCLES_5
ADC1.SamplingTime-10\#ChannelRegularConversion=ADC_SAMPLETIME_239CYCLES_5
ADC1.SamplingTime-11\#ChannelRegularConversion=ADC_SAMPLETIME_239CYCLES_5
ADC1.SamplingTime-3\#ChannelRegularConversion=ADC_SAMPLETIME_239CYCLES_5
ADC1.SamplingTime-4\#ChannelRegularConversion=ADC_SAMPLETIME_239CYCLES_5
ADC1.SamplingTime-5\#ChannelRegularConversion=ADC_SAMPLETIME_239CYCLES_5
ADC1.SamplingTime-6\#ChannelRegularConversion=ADC_SAMPLETIME_239CYCLES_5
ADC1.SamplingTime-7\#ChannelRegularConversion=ADC_SAMPLETIME_239CYCLES_5
ADC1.SamplingTime-8\#ChannelRegularConversion=ADC_SAMPLETIME_239CYCLES_5
ADC1.SamplingTime-9\#ChannelRegularConversion=ADC_SAMPLETIME_239CYCLES_5
ADC1.master=1
Dma.ADC1.0.Direction=DMA_PERIPH_TO_MEMORY
Dma.ADC1.0.Instance=DMA1_Channel1
Dma.ADC1.0.MemDataAlignment=DMA_MDATAALIGN_WORD
Dma.ADC1.0.MemInc=DMA_MINC_ENABLE
Dma.ADC1.0.Mode=DMA_CIRCULAR
Dma.ADC1.0.PeriphDataAlignment=DMA_PDATAALIGN_WORD
Dma.ADC1.0.PeriphInc=DMA_PINC_DISABLE
Dma.ADC1.0.Priority=DMA_PRIORITY_LOW
Dma.ADC1.0.RequestParameters=Instance,Direction,PeriphInc,MemInc,PeriphDataAlignment,MemDataAlignment,Mode,Priority
Dma.Request0=ADC1
Dma.Request1=UART4_RX
Dma.Request2=UART4_TX
Dma.Request3=USART1_RX
Dma.Request4=USART1_TX
Dma.Request5=USART2_RX
Dma.Request6=USART2_TX
Dma.Request7=USART3_RX
Dma.Request8=USART3_TX
Dma.RequestsNb=9
Dma.UART4_RX.1.Direction=DMA_PERIPH_TO_MEMORY
Dma.UART4_RX.1.Instance=DMA2_Channel3
Dma.UART4_RX.1.MemDataAlignment=DMA_MDATAALIGN_BYTE
Dma.UART4_RX.1.MemInc=DMA_MINC_ENABLE
Dma.UART4_RX.1.Mode=DMA_NORMAL
Dma.UART4_RX.1.PeriphDataAlignment=DMA_PDATAALIGN_BYTE
Dma.UART4_RX.1.PeriphInc=DMA_PINC_DISABLE
Dma.UART4_RX.1.Priority=DMA_PRIORITY_LOW
Dma.UART4_RX.1.RequestParameters=Instance,Direction,PeriphInc,MemInc,PeriphDataAlignment,MemDataAlignment,Mode,Priority
Dma.UART4_TX.2.Direction=DMA_MEMORY_TO_PERIPH
Dma.UART4_TX.2.Instance=DMA2_Channel5
Dma.UART4_TX.2.MemDataAlignment=DMA_MDATAALIGN_BYTE
Dma.UART4_TX.2.MemInc=DMA_MINC_ENABLE
Dma.UART4_TX.2.Mode=DMA_NORMAL
Dma.UART4_TX.2.PeriphDataAlignment=DMA_PDATAALIGN_BYTE
Dma.UART4_TX.2.PeriphInc=DMA_PINC_DISABLE
Dma.UART4_TX.2.Priority=DMA_PRIORITY_LOW
Dma.UART4_TX.2.RequestParameters=Instance,Direction,PeriphInc,MemInc,PeriphDataAlignment,MemDataAlignment,Mode,Priority
Dma.USART1_RX.3.Direction=DMA_PERIPH_TO_MEMORY
Dma.USART1_RX.3.Instance=DMA1_Channel5
Dma.USART1_RX.3.MemDataAlignment=DMA_MDATAALIGN_BYTE
Dma.USART1_RX.3.MemInc=DMA_MINC_ENABLE
Dma.USART1_RX.3.Mode=DMA_NORMAL
Dma.USART1_RX.3.PeriphDataAlignment=DMA_PDATAALIGN_BYTE
Dma.USART1_RX.3.PeriphInc=DMA_PINC_DISABLE
Dma.USART1_RX.3.Priority=DMA_PRIORITY_LOW
Dma.USART1_RX.3.RequestParameters=Instance,Direction,PeriphInc,MemInc,PeriphDataAlignment,MemDataAlignment,Mode,Priority
Dma.USART1_TX.4.Direction=DMA_MEMORY_TO_PERIPH
Dma.USART1_TX.4.Instance=DMA1_Channel4
Dma.USART1_TX.4.MemDataAlignment=DMA_MDATAALIGN_BYTE
Dma.USART1_TX.4.MemInc=DMA_MINC_ENABLE
Dma.USART1_TX.4.Mode=DMA_NORMAL
Dma.USART1_TX.4.PeriphDataAlignment=DMA_PDATAALIGN_BYTE
Dma.USART1_TX.4.PeriphInc=DMA_PINC_DISABLE
Dma.USART1_TX.4.Priority=DMA_PRIORITY_LOW
Dma.USART1_TX.4.RequestParameters=Instance,Direction,PeriphInc,MemInc,PeriphDataAlignment,MemDataAlignment,Mode,Priority
Dma.USART2_RX.5.Direction=DMA_PERIPH_TO_MEMORY
Dma.USART2_RX.5.Instance=DMA1_Channel6
Dma.USART2_RX.5.MemDataAlignment=DMA_MDATAALIGN_BYTE
Dma.USART2_RX.5.MemInc=DMA_MINC_ENABLE
Dma.USART2_RX.5.Mode=DMA_NORMAL
Dma.USART2_RX.5.PeriphDataAlignment=DMA_PDATAALIGN_BYTE
Dma.USART2_RX.5.PeriphInc=DMA_PINC_DISABLE
Dma.USART2_RX.5.Priority=DMA_PRIORITY_LOW
Dma.USART2_RX.5.RequestParameters=Instance,Direction,PeriphInc,MemInc,PeriphDataAlignment,MemDataAlignment,Mode,Priority
Dma.USART2_TX.6.Direction=DMA_MEMORY_TO_PERIPH
Dma.USART2_TX.6.Instance=DMA1_Channel7
Dma.USART2_TX.6.MemDataAlignment=DMA_MDATAALIGN_BYTE
Dma.USART2_TX.6.MemInc=DMA_MINC_ENABLE
Dma.USART2_TX.6.Mode=DMA_NORMAL
Dma.USART2_TX.6.PeriphDataAlignment=DMA_PDATAALIGN_BYTE
Dma.USART2_TX.6.PeriphInc=DMA_PINC_DISABLE
Dma.USART2_TX.6.Priority=DMA_PRIORITY_LOW
Dma.USART2_TX.6.RequestParameters=Instance,Direction,PeriphInc,MemInc,PeriphDataAlignment,MemDataAlignment,Mode,Priority
Dma.USART3_RX.7.Direction=DMA_PERIPH_TO_MEMORY
Dma.USART3_RX.7.Instance=DMA1_Channel3
Dma.USART3_RX.7.MemDataAlignment=DMA_MDATAALIGN_BYTE
Dma.USART3_RX.7.MemInc=DMA_MINC_ENABLE
Dma.USART3_RX.7.Mode=DMA_NORMAL
Dma.USART3_RX.7.PeriphDataAlignment=DMA_PDATAALIGN_BYTE
Dma.USART3_RX.7.PeriphInc=DMA_PINC_DISABLE
Dma.USART3_RX.7.Priority=DMA_PRIORITY_LOW
Dma.USART3_RX.7.RequestParameters=Instance,Direction,PeriphInc,MemInc,PeriphDataAlignment,MemDataAlignment,Mode,Priority
Dma.USART3_TX.8.Direction=DMA_MEMORY_TO_PERIPH
Dma.USART3_TX.8.Instance=DMA1_Channel2
Dma.USART3_TX.8.MemDataAlignment=DMA_MDATAALIGN_BYTE
Dma.USART3_TX.8.MemInc=DMA_MINC_ENABLE
Dma.USART3_TX.8.Mode=DMA_NORMAL
Dma.USART3_TX.8.PeriphDataAlignment=DMA_PDATAALIGN_BYTE
Dma.USART3_TX.8.PeriphInc=DMA_PINC_DISABLE
Dma.USART3_TX.8.Priority=DMA_PRIORITY_LOW
Dma.USART3_TX.8.RequestParameters=Instance,Direction,PeriphInc,MemInc,PeriphDataAlignment,MemDataAlignment,Mode,Priority
FREERTOS.FootprintOK=true
FREERTOS.IPParameters=Tasks01,configTOTAL_HEAP_SIZE,FootprintOK,configUSE_TIMERS
FREERTOS.Tasks01=task01,1,256,task01_most_important_task,Default,NULL,Dynamic,NULL,NULL;task02,1,256,task02_cps_read_write_task,Default,NULL,Dynamic,NULL,NULL;task03,0,256,task03_hmi_wait_cmd_task,Default,NULL,Dynamic,NULL,NULL;task04,0,256,task04_aqi_read_task,Default,NULL,Dynamic,NULL,NULL;task05,-1,128,task05_pwm_adc_dac_gpio_task,Default,NULL,Dynamic,NULL,NULL;task06,-1,128,task06_stepper_task,Default,NULL,Dynamic,NULL,NULL;task07,-2,128,task07_misc_func_task,Default,NULL,Dynamic,NULL,NULL
FREERTOS.configTOTAL_HEAP_SIZE=20480
FREERTOS.configUSE_TIMERS=1
File.Version=6
KeepUserPlacement=false
Mcu.Family=STM32F1
Mcu.IP0=ADC1
Mcu.IP1=DAC
Mcu.IP10=USART2
Mcu.IP11=USART3
Mcu.IP2=DMA
Mcu.IP3=FREERTOS
Mcu.IP4=NVIC
Mcu.IP5=RCC
Mcu.IP6=SYS
Mcu.IP7=TIM2
Mcu.IP8=UART4
Mcu.IP9=USART1
Mcu.IPNb=12
Mcu.Name=STM32F103V(C-D-E)Tx
Mcu.Package=LQFP100
Mcu.Pin0=PE2
Mcu.Pin1=PE3
Mcu.Pin10=PA4
Mcu.Pin11=PA5
Mcu.Pin12=PA6
Mcu.Pin13=PA7
Mcu.Pin14=PC4
Mcu.Pin15=PC5
Mcu.Pin16=PB0
Mcu.Pin17=PB1
Mcu.Pin18=PB2
Mcu.Pin19=PE7
Mcu.Pin2=PE4
Mcu.Pin20=PB10
Mcu.Pin21=PB11
Mcu.Pin22=PD8
Mcu.Pin23=PD9
Mcu.Pin24=PD10
Mcu.Pin25=PD13
Mcu.Pin26=PD14
Mcu.Pin27=PD15
Mcu.Pin28=PC6
Mcu.Pin29=PC7
Mcu.Pin3=PE5
Mcu.Pin30=PC8
Mcu.Pin31=PC9
Mcu.Pin32=PA8
Mcu.Pin33=PA9
Mcu.Pin34=PA10
Mcu.Pin35=PA11
Mcu.Pin36=PA13
Mcu.Pin37=PA14
Mcu.Pin38=PA15
Mcu.Pin39=PC10
Mcu.Pin4=PC2
Mcu.Pin40=PC11
Mcu.Pin41=PC12
Mcu.Pin42=PD5
Mcu.Pin43=PD6
Mcu.Pin44=PD7
Mcu.Pin45=PB3
Mcu.Pin46=PB7
Mcu.Pin47=VP_ADC1_TempSens_Input
Mcu.Pin48=VP_ADC1_Vref_Input
Mcu.Pin49=VP_FREERTOS_VS_CMSIS_V1
Mcu.Pin5=PC3
Mcu.Pin50=VP_SYS_VS_tim8
Mcu.Pin51=VP_TIM2_VS_ClockSourceINT
Mcu.Pin6=PA0-WKUP
Mcu.Pin7=PA1
Mcu.Pin8=PA2
Mcu.Pin9=PA3
Mcu.PinsNb=52
Mcu.ThirdPartyNb=0
Mcu.UserConstants=
Mcu.UserName=STM32F103VETx
MxCube.Version=5.3.0
MxDb.Version=DB.5.0.30
NVIC.BusFault_IRQn=true\:0\:0\:false\:false\:true\:false\:false\:false
NVIC.DMA1_Channel1_IRQn=true\:5\:0\:false\:false\:true\:true\:false\:true
NVIC.DMA1_Channel2_IRQn=true\:5\:0\:false\:false\:true\:true\:false\:true
NVIC.DMA1_Channel3_IRQn=true\:5\:0\:false\:false\:true\:true\:false\:true
NVIC.DMA1_Channel4_IRQn=true\:5\:0\:false\:false\:true\:true\:false\:true
NVIC.DMA1_Channel5_IRQn=true\:5\:0\:false\:false\:true\:true\:false\:true
NVIC.DMA1_Channel6_IRQn=true\:5\:0\:false\:false\:true\:true\:false\:true
NVIC.DMA1_Channel7_IRQn=true\:5\:0\:false\:false\:true\:true\:false\:true
NVIC.DMA2_Channel3_IRQn=true\:5\:0\:false\:false\:true\:true\:false\:true
NVIC.DMA2_Channel4_5_IRQn=true\:5\:0\:false\:false\:true\:true\:false\:true
NVIC.DebugMonitor_IRQn=true\:0\:0\:false\:false\:true\:false\:false\:false
NVIC.HardFault_IRQn=true\:0\:0\:false\:false\:true\:false\:false\:false
NVIC.MemoryManagement_IRQn=true\:0\:0\:false\:false\:true\:false\:false\:false
NVIC.NonMaskableInt_IRQn=true\:0\:0\:false\:false\:true\:false\:false\:false
NVIC.PendSV_IRQn=true\:15\:0\:false\:false\:false\:true\:false\:false
NVIC.PriorityGroup=NVIC_PRIORITYGROUP_4
NVIC.SVCall_IRQn=true\:0\:0\:false\:false\:false\:false\:false\:false
NVIC.SysTick_IRQn=true\:15\:0\:false\:false\:false\:true\:false\:true
NVIC.TIM8_UP_IRQn=true\:0\:0\:false\:false\:true\:false\:false\:true
NVIC.TimeBase=TIM8_UP_IRQn
NVIC.TimeBaseIP=TIM8
NVIC.UART4_IRQn=true\:5\:0\:false\:false\:true\:true\:true\:true
NVIC.USART1_IRQn=true\:5\:0\:false\:false\:true\:true\:true\:true
NVIC.USART2_IRQn=true\:5\:0\:false\:false\:true\:true\:true\:true
NVIC.USART3_IRQn=true\:5\:0\:false\:false\:true\:true\:true\:true
NVIC.UsageFault_IRQn=true\:0\:0\:false\:false\:true\:false\:false\:false
PA0-WKUP.GPIOParameters=GPIO_Label
PA0-WKUP.GPIO_Label=NTC4
PA0-WKUP.Locked=true
PA0-WKUP.Signal=ADCx_IN0
PA1.GPIOParameters=GPIO_Label
PA1.GPIO_Label=NTC3
PA1.Locked=true
PA1.Signal=ADCx_IN1
PA10.GPIOParameters=GPIO_Label
PA10.GPIO_Label=URx4
PA10.Mode=Asynchronous
PA10.Signal=USART1_RX
PA11.GPIOParameters=GPIO_Label
PA11.GPIO_Label=UEn4
PA11.Locked=true
PA11.Signal=GPIO_Output
PA13.GPIOParameters=GPIO_Label
PA13.GPIO_Label=SWDIO
PA13.Mode=Serial_Wire
PA13.Signal=SYS_JTMS-SWDIO
PA14.GPIOParameters=GPIO_Label
PA14.GPIO_Label=SWCLK
PA14.Mode=Serial_Wire
PA14.Signal=SYS_JTCK-SWCLK
PA15.GPIOParameters=GPIO_Label
PA15.GPIO_Label=PWM4
PA15.Signal=S_TIM2_CH1_ETR
PA2.GPIOParameters=GPIO_Label
PA2.GPIO_Label=NTC2
PA2.Locked=true
PA2.Signal=ADCx_IN2
PA3.GPIOParameters=GPIO_Label
PA3.GPIO_Label=NTC1
PA3.Locked=true
PA3.Signal=ADCx_IN3
PA4.GPIOParameters=GPIO_Label
PA4.GPIO_Label=DA34
PA4.Locked=true
PA4.Signal=COMP_DAC1_group
PA5.GPIOParameters=GPIO_Label
PA5.GPIO_Label=DA12
PA5.Locked=true
PA5.Signal=COMP_DAC2_group
PA6.GPIOParameters=GPIO_Label
PA6.GPIO_Label=TH1H
PA6.Locked=true
PA6.Signal=ADCx_IN6
PA7.GPIOParameters=GPIO_Label
PA7.GPIO_Label=TH1T
PA7.Locked=true
PA7.Signal=ADCx_IN7
PA8.GPIOParameters=GPIO_Label
PA8.GPIO_Label=DR4
PA8.Locked=true
PA8.Signal=GPIO_Output
PA9.GPIOParameters=GPIO_Label
PA9.GPIO_Label=UTx4
PA9.Mode=Asynchronous
PA9.Signal=USART1_TX
PB0.GPIOParameters=GPIO_PuPd,GPIO_Label
PB0.GPIO_Label=SW4
PB0.GPIO_PuPd=GPIO_PULLDOWN
PB0.Locked=true
PB0.Signal=GPIO_Input
PB1.GPIOParameters=GPIO_PuPd,GPIO_Label
PB1.GPIO_Label=SW3
PB1.GPIO_PuPd=GPIO_PULLDOWN
PB1.Locked=true
PB1.Signal=GPIO_Input
PB10.GPIOParameters=GPIO_Label
PB10.GPIO_Label=PWM2
PB10.Signal=S_TIM2_CH3
PB11.GPIOParameters=GPIO_Label
PB11.GPIO_Label=PWM1
PB11.Locked=true
PB11.Signal=S_TIM2_CH4
PB2.GPIOParameters=GPIO_PuPd,GPIO_Label
PB2.GPIO_Label=SW2
PB2.GPIO_PuPd=GPIO_PULLDOWN
PB2.Locked=true
PB2.Signal=GPIO_Input
PB3.GPIOParameters=GPIO_Label
PB3.GPIO_Label=PWM3
PB3.Signal=S_TIM2_CH2
PB7.GPIOParameters=GPIO_Label
PB7.GPIO_Label=LED
PB7.Locked=true
PB7.Signal=GPIO_Output
PC10.GPIOParameters=GPIO_Label
PC10.GPIO_Label=UTx2
PC10.Mode=Asynchronous
PC10.Signal=UART4_TX
PC11.GPIOParameters=GPIO_Label
PC11.GPIO_Label=URx2
PC11.Mode=Asynchronous
PC11.Signal=UART4_RX
PC12.GPIOParameters=GPIO_Label
PC12.GPIO_Label=UEn2
PC12.Locked=true
PC12.Signal=GPIO_Output
PC2.GPIOParameters=GPIO_Label
PC2.GPIO_Label=TH2H
PC2.Locked=true
PC2.Signal=ADCx_IN12
PC3.GPIOParameters=GPIO_Label
PC3.GPIO_Label=TH2T
PC3.Locked=true
PC3.Signal=ADCx_IN13
PC4.GPIOParameters=GPIO_PuPd,GPIO_Label
PC4.GPIO_Label=SW6
PC4.GPIO_PuPd=GPIO_PULLDOWN
PC4.Locked=true
PC4.Signal=GPIO_Input
PC5.GPIOParameters=GPIO_PuPd,GPIO_Label
PC5.GPIO_Label=SW5
PC5.GPIO_PuPd=GPIO_PULLDOWN
PC5.Locked=true
PC5.Signal=GPIO_Input
PC6.GPIOParameters=GPIO_Label
PC6.GPIO_Label=SR4
PC6.Locked=true
PC6.Signal=GPIO_Output
PC7.GPIOParameters=GPIO_Label
PC7.GPIO_Label=DR1
PC7.Locked=true
PC7.Signal=GPIO_Output
PC8.GPIOParameters=GPIO_Label
PC8.GPIO_Label=DR2
PC8.Locked=true
PC8.Signal=GPIO_Output
PC9.GPIOParameters=GPIO_Label
PC9.GPIO_Label=DR3
PC9.Locked=true
PC9.Signal=GPIO_Output
PCC.Checker=false
PCC.Line=STM32F103
PCC.MCU=STM32F103V(C-D-E)Tx
PCC.PartNumber=STM32F103VETx
PCC.Seq0=0
PCC.Series=STM32F1
PCC.Temperature=25
PCC.Vdd=3.3
PD10.GPIOParameters=GPIO_Label
PD10.GPIO_Label=UEn3
PD10.Locked=true
PD10.Signal=GPIO_Output
PD13.GPIOParameters=GPIO_Label
PD13.GPIO_Label=SR1
PD13.Locked=true
PD13.Signal=GPIO_Output
PD14.GPIOParameters=GPIO_Label
PD14.GPIO_Label=SR2
PD14.Locked=true
PD14.Signal=GPIO_Output
PD15.GPIOParameters=GPIO_Label
PD15.GPIO_Label=SR3
PD15.Locked=true
PD15.Signal=GPIO_Output
PD5.GPIOParameters=GPIO_Label
PD5.GPIO_Label=UTx1
PD5.Mode=Asynchronous
PD5.Signal=USART2_TX
PD6.GPIOParameters=GPIO_Label
PD6.GPIO_Label=URx1
PD6.Mode=Asynchronous
PD6.Signal=USART2_RX
PD7.GPIOParameters=GPIO_Label
PD7.GPIO_Label=UEn1
PD7.Locked=true
PD7.Signal=GPIO_Output
PD8.GPIOParameters=GPIO_Label
PD8.GPIO_Label=UTx3
PD8.Mode=Asynchronous
PD8.Signal=USART3_TX
PD9.GPIOParameters=GPIO_Label
PD9.GPIO_Label=URx3
PD9.Locked=true
PD9.Mode=Asynchronous
PD9.Signal=USART3_RX
PE2.GPIOParameters=GPIO_PuPd,GPIO_Label
PE2.GPIO_Label=STEP4
PE2.GPIO_PuPd=GPIO_PULLDOWN
PE2.Locked=true
PE2.Signal=GPIO_Output
PE3.GPIOParameters=GPIO_PuPd,GPIO_Label
PE3.GPIO_Label=STEP3
PE3.GPIO_PuPd=GPIO_PULLDOWN
PE3.Locked=true
PE3.Signal=GPIO_Output
PE4.GPIOParameters=GPIO_PuPd,GPIO_Label
PE4.GPIO_Label=STEP2
PE4.GPIO_PuPd=GPIO_PULLDOWN
PE4.Locked=true
PE4.Signal=GPIO_Output
PE5.GPIOParameters=GPIO_PuPd,GPIO_Label
PE5.GPIO_Label=STEP1
PE5.GPIO_PuPd=GPIO_PULLDOWN
PE5.Locked=true
PE5.Signal=GPIO_Output
PE7.GPIOParameters=GPIO_PuPd,GPIO_Label
PE7.GPIO_Label=SW1
PE7.GPIO_PuPd=GPIO_PULLDOWN
PE7.Locked=true
PE7.Signal=GPIO_Input
PinOutPanel.RotationAngle=0
ProjectManager.AskForMigrate=true
ProjectManager.BackupPrevious=false
ProjectManager.CompilerOptimize=6
ProjectManager.ComputerToolchain=false
ProjectManager.CoupleFile=true
ProjectManager.CustomerFirmwarePackage=
ProjectManager.DefaultFWLocation=true
ProjectManager.DeletePrevious=true
ProjectManager.DeviceId=STM32F103VETx
ProjectManager.FirmwarePackage=STM32Cube FW_F1 V1.8.0
ProjectManager.FreePins=false
ProjectManager.HalAssertFull=false
ProjectManager.HeapSize=0x800
ProjectManager.KeepUserCode=true
ProjectManager.LastFirmware=true
ProjectManager.LibraryCopy=0
ProjectManager.MainLocation=Core/Src
ProjectManager.NoMain=false
ProjectManager.PreviousToolchain=
ProjectManager.ProjectBuild=false
ProjectManager.ProjectFileName=Dehumidifier_20190923.ioc
ProjectManager.ProjectName=Dehumidifier_20190923
ProjectManager.StackSize=0x800
ProjectManager.TargetToolchain=MDK-ARM V5
ProjectManager.ToolChainLocation=
ProjectManager.UnderRoot=false
ProjectManager.functionlistsort=1-MX_GPIO_Init-GPIO-false-HAL-true,2-MX_DMA_Init-DMA-false-HAL-true,3-SystemClock_Config-RCC-false-HAL-false,4-MX_ADC1_Init-ADC1-false-HAL-true,5-MX_DAC_Init-DAC-false-HAL-true,6-MX_TIM2_Init-TIM2-false-HAL-true,7-MX_UART4_Init-UART4-false-HAL-true,8-MX_USART1_UART_Init-USART1-false-HAL-true,9-MX_USART2_UART_Init-USART2-false-HAL-true,10-MX_USART3_UART_Init-USART3-false-HAL-true
RCC.ADCFreqValue=10000000
RCC.ADCPresc=RCC_ADCPCLK2_DIV6
RCC.AHBFreq_Value=60000000
RCC.APB1CLKDivider=RCC_HCLK_DIV2
RCC.APB1Freq_Value=30000000
RCC.APB1TimFreq_Value=60000000
RCC.APB2Freq_Value=60000000
RCC.APB2TimFreq_Value=60000000
RCC.FCLKCortexFreq_Value=60000000
RCC.FSMCFreq_Value=60000000
RCC.FamilyName=M
RCC.HCLKFreq_Value=60000000
RCC.I2S2Freq_Value=60000000
RCC.I2S3Freq_Value=60000000
RCC.IPParameters=ADCFreqValue,ADCPresc,AHBFreq_Value,APB1CLKDivider,APB1Freq_Value,APB1TimFreq_Value,APB2Freq_Value,APB2TimFreq_Value,FCLKCortexFreq_Value,FSMCFreq_Value,FamilyName,HCLKFreq_Value,I2S2Freq_Value,I2S3Freq_Value,MCOFreq_Value,PLLCLKFreq_Value,PLLMCOFreq_Value,PLLMUL,SDIOFreq_Value,SDIOHCLKDiv2FreqValue,SYSCLKFreq_VALUE,SYSCLKSource,TimSysFreq_Value,USBFreq_Value
RCC.MCOFreq_Value=60000000
RCC.PLLCLKFreq_Value=60000000
RCC.PLLMCOFreq_Value=30000000
RCC.PLLMUL=RCC_PLL_MUL15
RCC.SDIOFreq_Value=60000000
RCC.SDIOHCLKDiv2FreqValue=30000000
RCC.SYSCLKFreq_VALUE=60000000
RCC.SYSCLKSource=RCC_SYSCLKSOURCE_PLLCLK
RCC.TimSysFreq_Value=60000000
RCC.USBFreq_Value=60000000
SH.ADCx_IN0.0=ADC1_IN0,IN0
SH.ADCx_IN0.ConfNb=1
SH.ADCx_IN1.0=ADC1_IN1,IN1
SH.ADCx_IN1.ConfNb=1
SH.ADCx_IN12.0=ADC1_IN12,IN12
SH.ADCx_IN12.ConfNb=1
SH.ADCx_IN13.0=ADC1_IN13,IN13
SH.ADCx_IN13.ConfNb=1
SH.ADCx_IN2.0=ADC1_IN2,IN2
SH.ADCx_IN2.ConfNb=1
SH.ADCx_IN3.0=ADC1_IN3,IN3
SH.ADCx_IN3.ConfNb=1
SH.ADCx_IN6.0=ADC1_IN6,IN6
SH.ADCx_IN6.ConfNb=1
SH.ADCx_IN7.0=ADC1_IN7,IN7
SH.ADCx_IN7.ConfNb=1
SH.COMP_DAC1_group.0=DAC_OUT1,DAC_OUT1
SH.COMP_DAC1_group.ConfNb=1
SH.COMP_DAC2_group.0=DAC_OUT2,DAC_OUT2
SH.COMP_DAC2_group.ConfNb=1
SH.S_TIM2_CH1_ETR.0=TIM2_CH1,PWM Generation1 CH1
SH.S_TIM2_CH1_ETR.ConfNb=1
SH.S_TIM2_CH2.0=TIM2_CH2,PWM Generation2 CH2
SH.S_TIM2_CH2.ConfNb=1
SH.S_TIM2_CH3.0=TIM2_CH3,PWM Generation3 CH3
SH.S_TIM2_CH3.ConfNb=1
SH.S_TIM2_CH4.0=TIM2_CH4,PWM Generation4 CH4
SH.S_TIM2_CH4.ConfNb=1
TIM2.Channel-PWM\ Generation1\ CH1=TIM_CHANNEL_1
TIM2.Channel-PWM\ Generation2\ CH2=TIM_CHANNEL_2
TIM2.Channel-PWM\ Generation3\ CH3=TIM_CHANNEL_3
TIM2.Channel-PWM\ Generation4\ CH4=TIM_CHANNEL_4
TIM2.IPParameters=Channel-PWM Generation1 CH1,Channel-PWM Generation2 CH2,Channel-PWM Generation3 CH3,Channel-PWM Generation4 CH4,Prescaler,Period,Pulse-PWM Generation1 CH1,Pulse-PWM Generation2 CH2,Pulse-PWM Generation3 CH3,Pulse-PWM Generation4 CH4,OCPolarity_2,OCPolarity_3,OCPolarity_1,OCPolarity_4
TIM2.OCPolarity_1=TIM_OCPOLARITY_LOW
TIM2.OCPolarity_2=TIM_OCPOLARITY_LOW
TIM2.OCPolarity_3=TIM_OCPOLARITY_LOW
TIM2.OCPolarity_4=TIM_OCPOLARITY_LOW
TIM2.Period=1000
TIM2.Prescaler=59
TIM2.Pulse-PWM\ Generation1\ CH1=0
TIM2.Pulse-PWM\ Generation2\ CH2=0
TIM2.Pulse-PWM\ Generation3\ CH3=0
TIM2.Pulse-PWM\ Generation4\ CH4=0
UART4.IPParameters=VirtualMode
UART4.VirtualMode=Asynchronous
USART1.IPParameters=VirtualMode
USART1.VirtualMode=VM_ASYNC
USART2.IPParameters=VirtualMode
USART2.VirtualMode=VM_ASYNC
USART3.BaudRate=9600
USART3.IPParameters=VirtualMode,BaudRate,Parity
USART3.Parity=PARITY_NONE
USART3.VirtualMode=VM_ASYNC
VP_ADC1_TempSens_Input.Mode=IN-TempSens
VP_ADC1_TempSens_Input.Signal=ADC1_TempSens_Input
VP_ADC1_Vref_Input.Mode=IN-Vrefint
VP_ADC1_Vref_Input.Signal=ADC1_Vref_Input
VP_FREERTOS_VS_CMSIS_V1.Mode=CMSIS_V1
VP_FREERTOS_VS_CMSIS_V1.Signal=FREERTOS_VS_CMSIS_V1
VP_SYS_VS_tim8.Mode=TIM8
VP_SYS_VS_tim8.Signal=SYS_VS_tim8
VP_TIM2_VS_ClockSourceINT.Mode=Internal
VP_TIM2_VS_ClockSourceINT.Signal=TIM2_VS_ClockSourceINT
board=custom
